
Microsoft Visual Studio Solution File, Format Version 12.00
# Visual Studio Version 16
VisualStudioVersion = 16.0.32510.428
MinimumVisualStudioVersion = 10.0.40219.1
Project("{FAE04EC0-301F-11D3-BF4B-00C04F79EFBC}") = "02-AtYarisiOyunu", "02-AtYarisiOyunu\02-AtYarisiOyunu.csproj", "{B8DB0186-6F6A-4516-8338-13242BD2FDFE}"
EndProject
Global
	GlobalSection(SolutionConfigurationPlatforms) = preSolution
		Debug|Any CPU = Debug|Any CPU
		Release|Any CPU = Release|Any CPU
	EndGlobalSection
	GlobalSection(ProjectConfigurationPlatforms) = postSolution
		{B8DB0186-6F6A-4516-8338-13242BD2FDFE}.Debug|Any CPU.ActiveCfg = Debug|Any CPU
		{B8DB0186-6F6A-4516-8338-13242BD2FDFE}.Debug|Any CPU.Build.0 = Debug|Any CPU
		{B8DB0186-6F6A-4516-8338-13242BD2FDFE}.Release|Any CPU.ActiveCfg = Release|Any CPU
		{B8DB0186-6F6A-4516-8338-13242BD2FDFE}.Release|Any CPU.Build.0 = Release|Any CPU
	EndGlobalSection
	GlobalSection(SolutionProperties) = preSolution
		HideSolutionNode = FALSE
	EndGlobalSection
	GlobalSection(ExtensibilityGlobals) = postSolution
		SolutionGuid = {F0D574BB-E13C-4697-9EEC-A0D2E0D2BEF0}
	EndGlobalSection
EndGlobal
